
Microsoft Visual Studio Solution File, Format Version 12.00
# Visual Studio 15
VisualStudioVersion = 15.0.27004.2008
MinimumVisualStudioVersion = 10.0.40219.1
Project("{9092AA53-FB77-4645-B42D-1CCCA6BD08BD}") = "Numbers", "Numbers\Numbers.njsproj", "{AC443839-E6C1-40BC-87B6-A5AF8AB0F9C5}"
EndProject
Global
	GlobalSection(SolutionConfigurationPlatforms) = preSolution
		Debug|Any CPU = Debug|Any CPU
		Release|Any CPU = Release|Any CPU
	EndGlobalSection
	GlobalSection(ProjectConfigurationPlatforms) = postSolution
		{AC443839-E6C1-40BC-87B6-A5AF8AB0F9C5}.Debug|Any CPU.ActiveCfg = Debug|Any CPU
		{AC443839-E6C1-40BC-87B6-A5AF8AB0F9C5}.Debug|Any CPU.Build.0 = Debug|Any CPU
		{AC443839-E6C1-40BC-87B6-A5AF8AB0F9C5}.Release|Any CPU.ActiveCfg = Release|Any CPU
		{AC443839-E6C1-40BC-87B6-A5AF8AB0F9C5}.Release|Any CPU.Build.0 = Release|Any CPU
	EndGlobalSection
	GlobalSection(SolutionProperties) = preSolution
		HideSolutionNode = FALSE
	EndGlobalSection
	GlobalSection(ExtensibilityGlobals) = postSolution
		SolutionGuid = {70D74A41-8146-4195-9B7F-DCCEB6720531}
	EndGlobalSection
EndGlobal
